// !$*UTF8*$!
{
	archiveVersion = 1;
	classes = {
	};
	objectVersion = 55;
	objects = {

/* Begin PBXBuildFile section */
		598E34F0289C329900EF48AC /* AppDelegate.swift in Sources */ = {isa = PBXBuildFile; fileRef = 598E34EF289C329900EF48AC /* AppDelegate.swift */; };
		598E34F2289C329900EF48AC /* SceneDelegate.swift in Sources */ = {isa = PBXBuildFile; fileRef = 598E34F1289C329900EF48AC /* SceneDelegate.swift */; };
		598E34F4289C329900EF48AC /* ViewController.swift in Sources */ = {isa = PBXBuildFile; fileRef = 598E34F3289C329900EF48AC /* ViewController.swift */; };
		598E34F7289C329900EF48AC /* Main.storyboard in Resources */ = {isa = PBXBuildFile; fileRef = 598E34F5289C329900EF48AC /* Main.storyboard */; };
		598E34F9289C329B00EF48AC /* Assets.xcassets in Resources */ = {isa = PBXBuildFile; fileRef = 598E34F8289C329B00EF48AC /* Assets.xcassets */; };
		598E34FC289C329B00EF48AC /* LaunchScreen.storyboard in Resources */ = {isa = PBXBuildFile; fileRef = 598E34FA289C329B00EF48AC /* LaunchScreen.storyboard */; };
		598E3505289C33E900EF48AC /* Semaforo.xib in Resources */ = {isa = PBXBuildFile; fileRef = 598E3504289C33E900EF48AC /* Semaforo.xib */; };
		598E3507289C3F4500EF48AC /* Semaforo.swift in Sources */ = {isa = PBXBuildFile; fileRef = 598E3506289C3F4500EF48AC /* Semaforo.swift */; };
		598E350A289C7FD600EF48AC /* TextFileView.xib in Resources */ = {isa = PBXBuildFile; fileRef = 598E3509289C7FD600EF48AC /* TextFileView.xib */; };
		598E350E289C802900EF48AC /* TextFileKitProtocols.swift in Sources */ = {isa = PBXBuildFile; fileRef = 598E350D289C802900EF48AC /* TextFileKitProtocols.swift */; };
		598E3510289C805200EF48AC /* TextFileStyle.swift in Sources */ = {isa = PBXBuildFile; fileRef = 598E350F289C805200EF48AC /* TextFileStyle.swift */; };
		598E3512289C82B800EF48AC /* TextFileController.swift in Sources */ = {isa = PBXBuildFile; fileRef = 598E3511289C82B800EF48AC /* TextFileController.swift */; };
/* End PBXBuildFile section */

/* Begin PBXFileReference section */
		598E34EC289C329900EF48AC /* DemoComponente.app */ = {isa = PBXFileReference; explicitFileType = wrapper.application; includeInIndex = 0; path = DemoComponente.app; sourceTree = BUILT_PRODUCTS_DIR; };
		598E34EF289C329900EF48AC /* AppDelegate.swift */ = {isa = PBXFileReference; lastKnownFileType = sourcecode.swift; path = AppDelegate.swift; sourceTree = "<group>"; };
		598E34F1289C329900EF48AC /* SceneDelegate.swift */ = {isa = PBXFileReference; lastKnownFileType = sourcecode.swift; path = SceneDelegate.swift; sourceTree = "<group>"; };
		598E34F3289C329900EF48AC /* ViewController.swift */ = {isa = PBXFileReference; lastKnownFileType = sourcecode.swift; path = ViewController.swift; sourceTree = "<group>"; };
		598E34F6289C329900EF48AC /* Base */ = {isa = PBXFileReference; lastKnownFileType = file.storyboard; name = Base; path = Base.lproj/Main.storyboard; sourceTree = "<group>"; };
		598E34F8289C329B00EF48AC /* Assets.xcassets */ = {isa = PBXFileReference; lastKnownFileType = folder.assetcatalog; path = Assets.xcassets; sourceTree = "<group>"; };
		598E34FB289C329B00EF48AC /* Base */ = {isa = PBXFileReference; lastKnownFileType = file.storyboard; name = Base; path = Base.lproj/LaunchScreen.storyboard; sourceTree = "<group>"; };
		598E34FD289C329B00EF48AC /* Info.plist */ = {isa = PBXFileReference; lastKnownFileType = text.plist.xml; path = Info.plist; sourceTree = "<group>"; };
		598E3504289C33E900EF48AC /* Semaforo.xib */ = {isa = PBXFileReference; lastKnownFileType = file.xib; path = Semaforo.xib; sourceTree = "<group>"; };
		598E3506289C3F4500EF48AC /* Semaforo.swift */ = {isa = PBXFileReference; lastKnownFileType = sourcecode.swift; path = Semaforo.swift; sourceTree = "<group>"; };
		598E3509289C7FD600EF48AC /* TextFileView.xib */ = {isa = PBXFileReference; lastKnownFileType = file.xib; path = TextFileView.xib; sourceTree = "<group>"; };
		598E350D289C802900EF48AC /* TextFileKitProtocols.swift */ = {isa = PBXFileReference; lastKnownFileType = sourcecode.swift; path = TextFileKitProtocols.swift; sourceTree = "<group>"; };
		598E350F289C805200EF48AC /* TextFileStyle.swift */ = {isa = PBXFileReference; lastKnownFileType = sourcecode.swift; path = TextFileStyle.swift; sourceTree = "<group>"; };
		598E3511289C82B800EF48AC /* TextFileController.swift */ = {isa = PBXFileReference; lastKnownFileType = sourcecode.swift; path = TextFileController.swift; sourceTree = "<group>"; };
/* End PBXFileReference section */

/* Begin PBXFrameworksBuildPhase section */
		598E34E9289C329900EF48AC /* Frameworks */ = {
			isa = PBXFrameworksBuildPhase;
			buildActionMask = 2147483647;
			files = (
			);
			runOnlyForDeploymentPostprocessing = 0;
		};
/* End PBXFrameworksBuildPhase section */

/* Begin PBXGroup section */
		598E34E3289C329900EF48AC = {
			isa = PBXGroup;
			children = (
				598E3508289C7FB100EF48AC /* TextFied */,
				598E3503289C32CC00EF48AC /* Semaforo */,
				598E34EE289C329900EF48AC /* DemoComponente */,
				598E34ED289C329900EF48AC /* Products */,
			);
			sourceTree = "<group>";
		};
		598E34ED289C329900EF48AC /* Products */ = {
			isa = PBXGroup;
			children = (
				598E34EC289C329900EF48AC /* DemoComponente.app */,
			);
			name = Products;
			sourceTree = "<group>";
		};
		598E34EE289C329900EF48AC /* DemoComponente */ = {
			isa = PBXGroup;
			children = (
				598E34EF289C329900EF48AC /* AppDelegate.swift */,
				598E34F1289C329900EF48AC /* SceneDelegate.swift */,
				598E34F3289C329900EF48AC /* ViewController.swift */,
				598E34F5289C329900EF48AC /* Main.storyboard */,
				598E34F8289C329B00EF48AC /* Assets.xcassets */,
				598E34FA289C329B00EF48AC /* LaunchScreen.storyboard */,
				598E34FD289C329B00EF48AC /* Info.plist */,
			);
			path = DemoComponente;
			sourceTree = "<group>";
		};
		598E3503289C32CC00EF48AC /* Semaforo */ = {
			isa = PBXGroup;
			children = (
				598E3504289C33E900EF48AC /* Semaforo.xib */,
				598E3506289C3F4500EF48AC /* Semaforo.swift */,
			);
			path = Semaforo;
			sourceTree = "<group>";
		};
		598E3508289C7FB100EF48AC /* TextFied */ = {
			isa = PBXGroup;
			children = (
				598E3509289C7FD600EF48AC /* TextFileView.xib */,
				598E350D289C802900EF48AC /* TextFileKitProtocols.swift */,
				598E350F289C805200EF48AC /* TextFileStyle.swift */,
				598E3511289C82B800EF48AC /* TextFileController.swift */,
			);
			path = TextFied;
			sourceTree = "<group>";
		};
/* End PBXGroup section */

/* Begin PBXNativeTarget section */
		598E34EB289C329900EF48AC /* DemoComponente */ = {
			isa = PBXNativeTarget;
			buildConfigurationList = 598E3500289C329B00EF48AC /* Build configuration list for PBXNativeTarget "DemoComponente" */;
			buildPhases = (
				598E34E8289C329900EF48AC /* Sources */,
				598E34E9289C329900EF48AC /* Frameworks */,
				598E34EA289C329900EF48AC /* Resources */,
			);
			buildRules = (
			);
			dependencies = (
			);
			name = DemoComponente;
			productName = DemoComponente;
			productReference = 598E34EC289C329900EF48AC /* DemoComponente.app */;
			productType = "com.apple.product-type.application";
		};
/* End PBXNativeTarget section */

/* Begin PBXProject section */
		598E34E4289C329900EF48AC /* Project object */ = {
			isa = PBXProject;
			attributes = {
				BuildIndependentTargetsInParallel = 1;
				LastSwiftUpdateCheck = 1340;
				LastUpgradeCheck = 1340;
				TargetAttributes = {
					598E34EB289C329900EF48AC = {
						CreatedOnToolsVersion = 13.4.1;
					};
				};
			};
			buildConfigurationList = 598E34E7289C329900EF48AC /* Build configuration list for PBXProject "DemoComponente" */;
			compatibilityVersion = "Xcode 13.0";
			developmentRegion = en;
			hasScannedForEncodings = 0;
			knownRegions = (
				en,
				Base,
			);
			mainGroup = 598E34E3289C329900EF48AC;
			productRefGroup = 598E34ED289C329900EF48AC /* Products */;
			projectDirPath = "";
			projectRoot = "";
			targets = (
				598E34EB289C329900EF48AC /* DemoComponente */,
			);
		};
/* End PBXProject section */

/* Begin PBXResourcesBuildPhase section */
		598E34EA289C329900EF48AC /* Resources */ = {
			isa = PBXResourcesBuildPhase;
			buildActionMask = 2147483647;
			files = (
				598E350A289C7FD600EF48AC /* TextFileView.xib in Resources */,
				598E34FC289C329B00EF48AC /* LaunchScreen.storyboard in Resources */,
				598E3505289C33E900EF48AC /* Semaforo.xib in Resources */,
				598E34F9289C329B00EF48AC /* Assets.xcassets in Resources */,
				598E34F7289C329900EF48AC /* Main.storyboard in Resources */,
			);
			runOnlyForDeploymentPostprocessing = 0;
		};
/* End PBXResourcesBuildPhase section */

/* Begin PBXSourcesBuildPhase section */
		598E34E8289C329900EF48AC /* Sources */ = {
			isa = PBXSourcesBuildPhase;
			buildActionMask = 2147483647;
			files = (
				598E34F4289C329900EF48AC /* ViewController.swift in Sources */,
				598E3507289C3F4500EF48AC /* Semaforo.swift in Sources */,
				598E3510289C805200EF48AC /* TextFileStyle.swift in Sources */,
				598E3512289C82B800EF48AC /* TextFileController.swift in Sources */,
				598E350E289C802900EF48AC /* TextFileKitProtocols.swift in Sources */,
				598E34F0289C329900EF48AC /* AppDelegate.swift in Sources */,
				598E34F2289C329900EF48AC /* SceneDelegate.swift in Sources */,
			);
			runOnlyForDeploymentPostprocessing = 0;
		};
/* End PBXSourcesBuildPhase section */

/* Begin PBXVariantGroup section */
		598E34F5289C329900EF48AC /* Main.storyboard */ = {
			isa = PBXVariantGroup;
			children = (
				598E34F6289C329900EF48AC /* Base */,
			);
			name = Main.storyboard;
			sourceTree = "<group>";
		};
		598E34FA289C329B00EF48AC /* LaunchScreen.storyboard */ = {
			isa = PBXVariantGroup;
			children = (
				598E34FB289C329B00EF48AC /* Base */,
			);
			name = LaunchScreen.storyboard;
			sourceTree = "<group>";
		};
/* End PBXVariantGroup section */

/* Begin XCBuildConfiguration section */
		598E34FE289C329B00EF48AC /* Debug */ = {
			isa = XCBuildConfiguration;
			buildSettings = {
				ALWAYS_SEARCH_USER_PATHS = NO;
				CLANG_ANALYZER_NONNULL = YES;
				CLANG_ANALYZER_NUMBER_OBJECT_CONVERSION = YES_AGGRESSIVE;
				CLANG_CXX_LANGUAGE_STANDARD = "gnu++17";
				CLANG_ENABLE_MODULES = YES;
				CLANG_ENABLE_OBJC_ARC = YES;
				CLANG_ENABLE_OBJC_WEAK = YES;
				CLANG_WARN_BLOCK_CAPTURE_AUTORELEASING = YES;
				CLANG_WARN_BOOL_CONVERSION = YES;
				CLANG_WARN_COMMA = YES;
				CLANG_WARN_CONSTANT_CONVERSION = YES;
				CLANG_WARN_DEPRECATED_OBJC_IMPLEMENTATIONS = YES;
				CLANG_WARN_DIRECT_OBJC_ISA_USAGE = YES_ERROR;
				CLANG_WARN_DOCUMENTATION_COMMENTS = YES;
				CLANG_WARN_EMPTY_BODY = YES;
				CLANG_WARN_ENUM_CONVERSION = YES;
				CLANG_WARN_INFINITE_RECURSION = YES;
				CLANG_WARN_INT_CONVERSION = YES;
				CLANG_WARN_NON_LITERAL_NULL_CONVERSION = YES;
				CLANG_WARN_OBJC_IMPLICIT_RETAIN_SELF = YES;
				CLANG_WARN_OBJC_LITERAL_CONVERSION = YES;
				CLANG_WARN_OBJC_ROOT_CLASS = YES_ERROR;
				CLANG_WARN_QUOTED_INCLUDE_IN_FRAMEWORK_HEADER = YES;
				CLANG_WARN_RANGE_LOOP_ANALYSIS = YES;
				CLANG_WARN_STRICT_PROTOTYPES = YES;
				CLANG_WARN_SUSPICIOUS_MOVE = YES;
				CLANG_WARN_UNGUARDED_AVAILABILITY = YES_AGGRESSIVE;
				CLANG_WARN_UNREACHABLE_CODE = YES;
				CLANG_WARN__DUPLICATE_METHOD_MATCH = YES;
				COPY_PHASE_STRIP = NO;
				DEBUG_INFORMATION_FORMAT = dwarf;
				ENABLE_STRICT_OBJC_MSGSEND = YES;
				ENABLE_TESTABILITY = YES;
				GCC_C_LANGUAGE_STANDARD = gnu11;
				GCC_DYNAMIC_NO_PIC = NO;
				GCC_NO_COMMON_BLOCKS = YES;
				GCC_OPTIMIZATION_LEVEL = 0;
				GCC_PREPROCESSOR_DEFINITIONS = (
					"DEBUG=1",
					"$(inherited)",
				);
				GCC_WARN_64_TO_32_BIT_CONVERSION = YES;
				GCC_WARN_ABOUT_RETURN_TYPE = YES_ERROR;
				GCC_WARN_UNDECLARED_SELECTOR = YES;
				GCC_WARN_UNINITIALIZED_AUTOS = YES_AGGRESSIVE;
				GCC_WARN_UNUSED_FUNCTION = YES;
				GCC_WARN_UNUSED_VARIABLE = YES;
				IPHONEOS_DEPLOYMENT_TARGET = 15.5;
				MTL_ENABLE_DEBUG_INFO = INCLUDE_SOURCE;
				MTL_FAST_MATH = YES;
				ONLY_ACTIVE_ARCH = YES;
				SDKROOT = iphoneos;
				SWIFT_ACTIVE_COMPILATION_CONDITIONS = DEBUG;
				SWIFT_OPTIMIZATION_LEVEL = "-Onone";
			};
			name = Debug;
		};
		598E34FF289C329B00EF48AC /* Release */ = {
			isa = XCBuildConfiguration;
			buildSettings = {
				ALWAYS_SEARCH_USER_PATHS = NO;
				CLANG_ANALYZER_NONNULL = YES;
				CLANG_ANALYZER_NUMBER_OBJECT_CONVERSION = YES_AGGRESSIVE;
				CLANG_CXX_LANGUAGE_STANDARD = "gnu++17";
				CLANG_ENABLE_MODULES = YES;
				CLANG_ENABLE_OBJC_ARC = YES;
				CLANG_ENABLE_OBJC_WEAK = YES;
				CLANG_WARN_BLOCK_CAPTURE_AUTORELEASING = YES;
				CLANG_WARN_BOOL_CONVERSION = YES;
				CLANG_WARN_COMMA = YES;
				CLANG_WARN_CONSTANT_CONVERSION = YES;
				CLANG_WARN_DEPRECATED_OBJC_IMPLEMENTATIONS = YES;
				CLANG_WARN_DIRECT_OBJC_ISA_USAGE = YES_ERROR;
				CLANG_WARN_DOCUMENTATION_COMMENTS = YES;
				CLANG_WARN_EMPTY_BODY = YES;
				CLANG_WARN_ENUM_CONVERSION = YES;
				CLANG_WARN_INFINITE_RECURSION = YES;
				CLANG_WARN_INT_CONVERSION = YES;
				CLANG_WARN_NON_LITERAL_NULL_CONVERSION = YES;
				CLANG_WARN_OBJC_IMPLICIT_RETAIN_SELF = YES;
				CLANG_WARN_OBJC_LITERAL_CONVERSION = YES;
				CLANG_WARN_OBJC_ROOT_CLASS = YES_ERROR;
				CLANG_WARN_QUOTED_INCLUDE_IN_FRAMEWORK_HEADER = YES;
				CLANG_WARN_RANGE_LOOP_ANALYSIS = YES;
				CLANG_WARN_STRICT_PROTOTYPES = YES;
				CLANG_WARN_SUSPICIOUS_MOVE = YES;
				CLANG_WARN_UNGUARDED_AVAILABILITY = YES_AGGRESSIVE;
				CLANG_WARN_UNREACHABLE_CODE = YES;
				CLANG_WARN__DUPLICATE_METHOD_MATCH = YES;
				COPY_PHASE_STRIP = NO;
				DEBUG_INFORMATION_FORMAT = "dwarf-with-dsym";
				ENABLE_NS_ASSERTIONS = NO;
				ENABLE_STRICT_OBJC_MSGSEND = YES;
				GCC_C_LANGUAGE_STANDARD = gnu11;
				GCC_NO_COMMON_BLOCKS = YES;
				GCC_WARN_64_TO_32_BIT_CONVERSION = YES;
				GCC_WARN_ABOUT_RETURN_TYPE = YES_ERROR;
				GCC_WARN_UNDECLARED_SELECTOR = YES;
				GCC_WARN_UNINITIALIZED_AUTOS = YES_AGGRESSIVE;
				GCC_WARN_UNUSED_FUNCTION = YES;
				GCC_WARN_UNUSED_VARIABLE = YES;
				IPHONEOS_DEPLOYMENT_TARGET = 15.5;
				MTL_ENABLE_DEBUG_INFO = NO;
				MTL_FAST_MATH = YES;
				SDKROOT = iphoneos;
				SWIFT_COMPILATION_MODE = wholemodule;
				SWIFT_OPTIMIZATION_LEVEL = "-O";
				VALIDATE_PRODUCT = YES;
			};
			name = Release;
		};
		598E3501289C329B00EF48AC /* Debug */ = {
			isa = XCBuildConfiguration;
			buildSettings = {
				ASSETCATALOG_COMPILER_APPICON_NAME = AppIcon;
				ASSETCATALOG_COMPILER_GLOBAL_ACCENT_COLOR_NAME = AccentColor;
				CODE_SIGN_STYLE = Automatic;
				CURRENT_PROJECT_VERSION = 1;
				GENERATE_INFOPLIST_FILE = YES;
				INFOPLIST_FILE = DemoComponente/Info.plist;
				INFOPLIST_KEY_UIApplicationSupportsIndirectInputEvents = YES;
				INFOPLIST_KEY_UILaunchStoryboardName = LaunchScreen;
				INFOPLIST_KEY_UIMainStoryboardFile = Main;
				INFOPLIST_KEY_UISupportedInterfaceOrientations_iPad = "UIInterfaceOrientationPortrait UIInterfaceOrientationPortraitUpsideDown UIInterfaceOrientationLandscapeLeft UIInterfaceOrientationLandscapeRight";
				INFOPLIST_KEY_UISupportedInterfaceOrientations_iPhone = "UIInterfaceOrientationPortrait UIInterfaceOrientationLandscapeLeft UIInterfaceOrientationLandscapeRight";
				LD_RUNPATH_SEARCH_PATHS = (
					"$(inherited)",
					"@executable_path/Frameworks",
				);
				MARKETING_VERSION = 1.0;
				PRODUCT_BUNDLE_IDENTIFIER = MAURICIO.DemoComponente;
				PRODUCT_NAME = "$(TARGET_NAME)";
				SWIFT_EMIT_LOC_STRINGS = YES;
				SWIFT_VERSION = 5.0;
				TARGETED_DEVICE_FAMILY = "1,2";
			};
			name = Debug;
		};
		598E3502289C329B00EF48AC /* Release */ = {
			isa = XCBuildConfiguration;
			buildSettings = {
				ASSETCATALOG_COMPILER_APPICON_NAME = AppIcon;
				ASSETCATALOG_COMPILER_GLOBAL_ACCENT_COLOR_NAME = AccentColor;
				CODE_SIGN_STYLE = Automatic;
				CURRENT_PROJECT_VERSION = 1;
				GENERATE_INFOPLIST_FILE = YES;
				INFOPLIST_FILE = DemoComponente/Info.plist;
				INFOPLIST_KEY_UIApplicationSupportsIndirectInputEvents = YES;
				INFOPLIST_KEY_UILaunchStoryboardName = LaunchScreen;
				INFOPLIST_KEY_UIMainStoryboardFile = Main;
				INFOPLIST_KEY_UISupportedInterfaceOrientations_iPad = "UIInterfaceOrientationPortrait UIInterfaceOrientationPortraitUpsideDown UIInterfaceOrientationLandscapeLeft UIInterfaceOrientationLandscapeRight";
				INFOPLIST_KEY_UISupportedInterfaceOrientations_iPhone = "UIInterfaceOrientationPortrait UIInterfaceOrientationLandscapeLeft UIInterfaceOrientationLandscapeRight";
				LD_RUNPATH_SEARCH_PATHS = (
					"$(inherited)",
					"@executable_path/Frameworks",
				);
				MARKETING_VERSION = 1.0;
				PRODUCT_BUNDLE_IDENTIFIER = MAURICIO.DemoComponente;
				PRODUCT_NAME = "$(TARGET_NAME)";
				SWIFT_EMIT_LOC_STRINGS = YES;
				SWIFT_VERSION = 5.0;
				TARGETED_DEVICE_FAMILY = "1,2";
			};
			name = Release;
		};
/* End XCBuildConfiguration section */

/* Begin XCConfigurationList section */
		598E34E7289C329900EF48AC /* Build configuration list for PBXProject "DemoComponente" */ = {
			isa = XCConfigurationList;
			buildConfigurations = (
				598E34FE289C329B00EF48AC /* Debug */,
				598E34FF289C329B00EF48AC /* Release */,
			);
			defaultConfigurationIsVisible = 0;
			defaultConfigurationName = Release;
		};
		598E3500289C329B00EF48AC /* Build configuration list for PBXNativeTarget "DemoComponente" */ = {
			isa = XCConfigurationList;
			buildConfigurations = (
				598E3501289C329B00EF48AC /* Debug */,
				598E3502289C329B00EF48AC /* Release */,
			);
			defaultConfigurationIsVisible = 0;
			defaultConfigurationName = Release;
		};
/* End XCConfigurationList section */
	};
	rootObject = 598E34E4289C329900EF48AC /* Project object */;
}
